// !$*UTF8*$!
{
	archiveVersion = 1;
	classes = {
	};
	objectVersion = 77;
	objects = {

/* Begin PBXBuildFile section */
		9B91C8062D10F7750029E789 /* AppDelegate.swift in Sources */ = {isa = PBXBuildFile; fileRef = 9B91C7F92D10F7750029E789 /* AppDelegate.swift */; };
		9B91C8072D10F7750029E789 /* SceneDelegate.swift in Sources */ = {isa = PBXBuildFile; fileRef = 9B91C7FD2D10F7750029E789 /* SceneDelegate.swift */; };
		9B91C8082D10F7750029E789 /* favoritesViewController.swift in Sources */ = {isa = PBXBuildFile; fileRef = 9B91C7FF2D10F7750029E789 /* favoritesViewController.swift */; };
		9B91C8092D10F7750029E789 /* homeViewController.swift in Sources */ = {isa = PBXBuildFile; fileRef = 9B91C8002D10F7750029E789 /* homeViewController.swift */; };
		9B91C80A2D10F7750029E789 /* searchViewController.swift in Sources */ = {isa = PBXBuildFile; fileRef = 9B91C8012D10F7750029E789 /* searchViewController.swift */; };
		9B91C80B2D10F7750029E789 /* TabBarViewController.swift in Sources */ = {isa = PBXBuildFile; fileRef = 9B91C8022D10F7750029E789 /* TabBarViewController.swift */; };
		9B91C80C2D10F7750029E789 /* Assets.xcassets in Resources */ = {isa = PBXBuildFile; fileRef = 9B91C7FA2D10F7750029E789 /* Assets.xcassets */; };
		9B91C80D2D10F7750029E789 /* LaunchScreen.storyboard in Resources */ = {isa = PBXBuildFile; fileRef = 9B91C7FC2D10F7750029E789 /* LaunchScreen.storyboard */; };
		9B91C8102D10FAD30029E789 /* model.swift in Sources */ = {isa = PBXBuildFile; fileRef = 9B91C80F2D10FAD30029E789 /* model.swift */; };
		9B91C8122D10FBC30029E789 /* NetworkManager.swift in Sources */ = {isa = PBXBuildFile; fileRef = 9B91C8112D10FBC30029E789 /* NetworkManager.swift */; };
		9B91C8142D10FDB20029E789 /* ForecastTableViewCell.swift in Sources */ = {isa = PBXBuildFile; fileRef = 9B91C8132D10FDB20029E789 /* ForecastTableViewCell.swift */; };
/* End PBXBuildFile section */

/* Begin PBXFileReference section */
		9B91C7D42D10CFA10029E789 /* openData Camara federal.app */ = {isa = PBXFileReference; explicitFileType = wrapper.application; includeInIndex = 0; path = "openData Camara federal.app"; sourceTree = BUILT_PRODUCTS_DIR; };
		9B91C7F92D10F7750029E789 /* AppDelegate.swift */ = {isa = PBXFileReference; lastKnownFileType = sourcecode.swift; path = AppDelegate.swift; sourceTree = "<group>"; };
		9B91C7FA2D10F7750029E789 /* Assets.xcassets */ = {isa = PBXFileReference; lastKnownFileType = folder.assetcatalog; path = Assets.xcassets; sourceTree = "<group>"; };
		9B91C7FB2D10F7750029E789 /* Base */ = {isa = PBXFileReference; lastKnownFileType = file.storyboard; name = Base; path = Base.lproj/LaunchScreen.storyboard; sourceTree = "<group>"; };
		9B91C7FD2D10F7750029E789 /* SceneDelegate.swift */ = {isa = PBXFileReference; lastKnownFileType = sourcecode.swift; path = SceneDelegate.swift; sourceTree = "<group>"; };
		9B91C7FF2D10F7750029E789 /* favoritesViewController.swift */ = {isa = PBXFileReference; lastKnownFileType = sourcecode.swift; path = favoritesViewController.swift; sourceTree = "<group>"; };
		9B91C8002D10F7750029E789 /* homeViewController.swift */ = {isa = PBXFileReference; lastKnownFileType = sourcecode.swift; path = homeViewController.swift; sourceTree = "<group>"; };
		9B91C8012D10F7750029E789 /* searchViewController.swift */ = {isa = PBXFileReference; lastKnownFileType = sourcecode.swift; path = searchViewController.swift; sourceTree = "<group>"; };
		9B91C8022D10F7750029E789 /* TabBarViewController.swift */ = {isa = PBXFileReference; lastKnownFileType = sourcecode.swift; path = TabBarViewController.swift; sourceTree = "<group>"; };
		9B91C8042D10F7750029E789 /* Info.plist */ = {isa = PBXFileReference; lastKnownFileType = text.plist.xml; path = Info.plist; sourceTree = "<group>"; };
		9B91C80F2D10FAD30029E789 /* model.swift */ = {isa = PBXFileReference; lastKnownFileType = sourcecode.swift; path = model.swift; sourceTree = "<group>"; };
		9B91C8112D10FBC30029E789 /* NetworkManager.swift */ = {isa = PBXFileReference; lastKnownFileType = sourcecode.swift; path = NetworkManager.swift; sourceTree = "<group>"; };
		9B91C8132D10FDB20029E789 /* ForecastTableViewCell.swift */ = {isa = PBXFileReference; lastKnownFileType = sourcecode.swift; path = ForecastTableViewCell.swift; sourceTree = "<group>"; };
/* End PBXFileReference section */

/* Begin PBXFrameworksBuildPhase section */
		9B91C7D12D10CFA10029E789 /* Frameworks */ = {
			isa = PBXFrameworksBuildPhase;
			buildActionMask = 2147483647;
			files = (
			);
			runOnlyForDeploymentPostprocessing = 0;
		};
/* End PBXFrameworksBuildPhase section */

/* Begin PBXGroup section */
		9B91C7CB2D10CFA10029E789 = {
			isa = PBXGroup;
			children = (
				9B91C8052D10F7750029E789 /* openData Camara federal */,
				9B91C7D52D10CFA10029E789 /* Products */,
			);
			sourceTree = "<group>";
		};
		9B91C7D52D10CFA10029E789 /* Products */ = {
			isa = PBXGroup;
			children = (
				9B91C7D42D10CFA10029E789 /* openData Camara federal.app */,
			);
			name = Products;
			sourceTree = "<group>";
		};
		9B91C7FE2D10F7750029E789 /* support */ = {
			isa = PBXGroup;
			children = (
				9B91C7F92D10F7750029E789 /* AppDelegate.swift */,
				9B91C7FA2D10F7750029E789 /* Assets.xcassets */,
				9B91C7FC2D10F7750029E789 /* LaunchScreen.storyboard */,
				9B91C7FD2D10F7750029E789 /* SceneDelegate.swift */,
			);
			path = support;
			sourceTree = "<group>";
		};
		9B91C8032D10F7750029E789 /* ViewControllers */ = {
			isa = PBXGroup;
			children = (
				9B91C8022D10F7750029E789 /* TabBarViewController.swift */,
				9B91C8002D10F7750029E789 /* homeViewController.swift */,
				9B91C8012D10F7750029E789 /* searchViewController.swift */,
				9B91C7FF2D10F7750029E789 /* favoritesViewController.swift */,
			);
			path = ViewControllers;
			sourceTree = "<group>";
		};
		9B91C8052D10F7750029E789 /* openData Camara federal */ = {
			isa = PBXGroup;
			children = (
				9B91C7FE2D10F7750029E789 /* support */,
				9B91C8032D10F7750029E789 /* ViewControllers */,
				9B91C8042D10F7750029E789 /* Info.plist */,
				9B91C80F2D10FAD30029E789 /* model.swift */,
				9B91C8112D10FBC30029E789 /* NetworkManager.swift */,
				9B91C8132D10FDB20029E789 /* ForecastTableViewCell.swift */,
			);
			path = "openData Camara federal";
			sourceTree = "<group>";
		};
/* End PBXGroup section */

/* Begin PBXNativeTarget section */
		9B91C7D32D10CFA10029E789 /* openData Camara federal */ = {
			isa = PBXNativeTarget;
			buildConfigurationList = 9B91C7E72D10CFA30029E789 /* Build configuration list for PBXNativeTarget "openData Camara federal" */;
			buildPhases = (
				9B91C7D02D10CFA10029E789 /* Sources */,
				9B91C7D12D10CFA10029E789 /* Frameworks */,
				9B91C7D22D10CFA10029E789 /* Resources */,
			);
			buildRules = (
			);
			dependencies = (
			);
			name = "openData Camara federal";
			packageProductDependencies = (
			);
			productName = "openData Camara federal";
			productReference = 9B91C7D42D10CFA10029E789 /* openData Camara federal.app */;
			productType = "com.apple.product-type.application";
		};
/* End PBXNativeTarget section */

/* Begin PBXProject section */
		9B91C7CC2D10CFA10029E789 /* Project object */ = {
			isa = PBXProject;
			attributes = {
				BuildIndependentTargetsInParallel = 1;
				LastSwiftUpdateCheck = 1620;
				LastUpgradeCheck = 1620;
				TargetAttributes = {
					9B91C7D32D10CFA10029E789 = {
						CreatedOnToolsVersion = 16.2;
					};
				};
			};
			buildConfigurationList = 9B91C7CF2D10CFA10029E789 /* Build configuration list for PBXProject "openData Camara federal" */;
			developmentRegion = en;
			hasScannedForEncodings = 0;
			knownRegions = (
				en,
				Base,
			);
			mainGroup = 9B91C7CB2D10CFA10029E789;
			minimizedProjectReferenceProxies = 1;
			preferredProjectObjectVersion = 77;
			productRefGroup = 9B91C7D52D10CFA10029E789 /* Products */;
			projectDirPath = "";
			projectRoot = "";
			targets = (
				9B91C7D32D10CFA10029E789 /* openData Camara federal */,
			);
		};
/* End PBXProject section */

/* Begin PBXResourcesBuildPhase section */
		9B91C7D22D10CFA10029E789 /* Resources */ = {
			isa = PBXResourcesBuildPhase;
			buildActionMask = 2147483647;
			files = (
				9B91C80C2D10F7750029E789 /* Assets.xcassets in Resources */,
				9B91C80D2D10F7750029E789 /* LaunchScreen.storyboard in Resources */,
			);
			runOnlyForDeploymentPostprocessing = 0;
		};
/* End PBXResourcesBuildPhase section */

/* Begin PBXSourcesBuildPhase section */
		9B91C7D02D10CFA10029E789 /* Sources */ = {
			isa = PBXSourcesBuildPhase;
			buildActionMask = 2147483647;
			files = (
				9B91C8062D10F7750029E789 /* AppDelegate.swift in Sources */,
				9B91C8072D10F7750029E789 /* SceneDelegate.swift in Sources */,
				9B91C8082D10F7750029E789 /* favoritesViewController.swift in Sources */,
				9B91C8092D10F7750029E789 /* homeViewController.swift in Sources */,
				9B91C8122D10FBC30029E789 /* NetworkManager.swift in Sources */,
				9B91C8142D10FDB20029E789 /* ForecastTableViewCell.swift in Sources */,
				9B91C80A2D10F7750029E789 /* searchViewController.swift in Sources */,
				9B91C8102D10FAD30029E789 /* model.swift in Sources */,
				9B91C80B2D10F7750029E789 /* TabBarViewController.swift in Sources */,
			);
			runOnlyForDeploymentPostprocessing = 0;
		};
/* End PBXSourcesBuildPhase section */

/* Begin PBXVariantGroup section */
		9B91C7FC2D10F7750029E789 /* LaunchScreen.storyboard */ = {
			isa = PBXVariantGroup;
			children = (
				9B91C7FB2D10F7750029E789 /* Base */,
			);
			name = LaunchScreen.storyboard;
			sourceTree = "<group>";
		};
/* End PBXVariantGroup section */

/* Begin XCBuildConfiguration section */
		9B91C7E82D10CFA30029E789 /* Debug */ = {
			isa = XCBuildConfiguration;
			buildSettings = {
				ASSETCATALOG_COMPILER_APPICON_NAME = AppIcon;
				ASSETCATALOG_COMPILER_GLOBAL_ACCENT_COLOR_NAME = AccentColor;
				CODE_SIGN_STYLE = Automatic;
				CURRENT_PROJECT_VERSION = 1;
				GENERATE_INFOPLIST_FILE = YES;
				INFOPLIST_FILE = "openData Camara federal/Info.plist";
				INFOPLIST_KEY_UIApplicationSupportsIndirectInputEvents = YES;
				INFOPLIST_KEY_UILaunchStoryboardName = LaunchScreen;
				INFOPLIST_KEY_UISupportedInterfaceOrientations_iPad = "UIInterfaceOrientationPortrait UIInterfaceOrientationPortraitUpsideDown UIInterfaceOrientationLandscapeLeft UIInterfaceOrientationLandscapeRight";
				INFOPLIST_KEY_UISupportedInterfaceOrientations_iPhone = "UIInterfaceOrientationPortrait UIInterfaceOrientationLandscapeLeft UIInterfaceOrientationLandscapeRight";
				LD_RUNPATH_SEARCH_PATHS = (
					"$(inherited)",
					"@executable_path/Frameworks",
				);
				MARKETING_VERSION = 1.0;
				PRODUCT_BUNDLE_IDENTIFIER = "Victor-Mont-Morency.openData-Camara-federal";
				PRODUCT_NAME = "$(TARGET_NAME)";
				SWIFT_EMIT_LOC_STRINGS = YES;
				SWIFT_VERSION = 5.0;
				TARGETED_DEVICE_FAMILY = "1,2";
			};
			name = Debug;
		};
		9B91C7E92D10CFA30029E789 /* Release */ = {
			isa = XCBuildConfiguration;
			buildSettings = {
				ASSETCATALOG_COMPILER_APPICON_NAME = AppIcon;
				ASSETCATALOG_COMPILER_GLOBAL_ACCENT_COLOR_NAME = AccentColor;
				CODE_SIGN_STYLE = Automatic;
				CURRENT_PROJECT_VERSION = 1;
				GENERATE_INFOPLIST_FILE = YES;
				INFOPLIST_FILE = "openData Camara federal/Info.plist";
				INFOPLIST_KEY_UIApplicationSupportsIndirectInputEvents = YES;
				INFOPLIST_KEY_UILaunchStoryboardName = LaunchScreen;
				INFOPLIST_KEY_UISupportedInterfaceOrientations_iPad = "UIInterfaceOrientationPortrait UIInterfaceOrientationPortraitUpsideDown UIInterfaceOrientationLandscapeLeft UIInterfaceOrientationLandscapeRight";
				INFOPLIST_KEY_UISupportedInterfaceOrientations_iPhone = "UIInterfaceOrientationPortrait UIInterfaceOrientationLandscapeLeft UIInterfaceOrientationLandscapeRight";
				LD_RUNPATH_SEARCH_PATHS = (
					"$(inherited)",
					"@executable_path/Frameworks",
				);
				MARKETING_VERSION = 1.0;
				PRODUCT_BUNDLE_IDENTIFIER = "Victor-Mont-Morency.openData-Camara-federal";
				PRODUCT_NAME = "$(TARGET_NAME)";
				SWIFT_EMIT_LOC_STRINGS = YES;
				SWIFT_VERSION = 5.0;
				TARGETED_DEVICE_FAMILY = "1,2";
			};
			name = Release;
		};
		9B91C7EA2D10CFA30029E789 /* Debug */ = {
			isa = XCBuildConfiguration;
			buildSettings = {
				ALWAYS_SEARCH_USER_PATHS = NO;
				ASSETCATALOG_COMPILER_GENERATE_SWIFT_ASSET_SYMBOL_EXTENSIONS = YES;
				CLANG_ANALYZER_NONNULL = YES;
				CLANG_ANALYZER_NUMBER_OBJECT_CONVERSION = YES_AGGRESSIVE;
				CLANG_CXX_LANGUAGE_STANDARD = "gnu++20";
				CLANG_ENABLE_MODULES = YES;
				CLANG_ENABLE_OBJC_ARC = YES;
				CLANG_ENABLE_OBJC_WEAK = YES;
				CLANG_WARN_BLOCK_CAPTURE_AUTORELEASING = YES;
				CLANG_WARN_BOOL_CONVERSION = YES;
				CLANG_WARN_COMMA = YES;
				CLANG_WARN_CONSTANT_CONVERSION = YES;
				CLANG_WARN_DEPRECATED_OBJC_IMPLEMENTATIONS = YES;
				CLANG_WARN_DIRECT_OBJC_ISA_USAGE = YES_ERROR;
				CLANG_WARN_DOCUMENTATION_COMMENTS = YES;
				CLANG_WARN_EMPTY_BODY = YES;
				CLANG_WARN_ENUM_CONVERSION = YES;
				CLANG_WARN_INFINITE_RECURSION = YES;
				CLANG_WARN_INT_CONVERSION = YES;
				CLANG_WARN_NON_LITERAL_NULL_CONVERSION = YES;
				CLANG_WARN_OBJC_IMPLICIT_RETAIN_SELF = YES;
				CLANG_WARN_OBJC_LITERAL_CONVERSION = YES;
				CLANG_WARN_OBJC_ROOT_CLASS = YES_ERROR;
				CLANG_WARN_QUOTED_INCLUDE_IN_FRAMEWORK_HEADER = YES;
				CLANG_WARN_RANGE_LOOP_ANALYSIS = YES;
				CLANG_WARN_STRICT_PROTOTYPES = YES;
				CLANG_WARN_SUSPICIOUS_MOVE = YES;
				CLANG_WARN_UNGUARDED_AVAILABILITY = YES_AGGRESSIVE;
				CLANG_WARN_UNREACHABLE_CODE = YES;
				CLANG_WARN__DUPLICATE_METHOD_MATCH = YES;
				COPY_PHASE_STRIP = NO;
				DEBUG_INFORMATION_FORMAT = dwarf;
				ENABLE_STRICT_OBJC_MSGSEND = YES;
				ENABLE_TESTABILITY = YES;
				ENABLE_USER_SCRIPT_SANDBOXING = YES;
				GCC_C_LANGUAGE_STANDARD = gnu17;
				GCC_DYNAMIC_NO_PIC = NO;
				GCC_NO_COMMON_BLOCKS = YES;
				GCC_OPTIMIZATION_LEVEL = 0;
				GCC_PREPROCESSOR_DEFINITIONS = (
					"DEBUG=1",
					"$(inherited)",
				);
				GCC_WARN_64_TO_32_BIT_CONVERSION = YES;
				GCC_WARN_ABOUT_RETURN_TYPE = YES_ERROR;
				GCC_WARN_UNDECLARED_SELECTOR = YES;
				GCC_WARN_UNINITIALIZED_AUTOS = YES_AGGRESSIVE;
				GCC_WARN_UNUSED_FUNCTION = YES;
				GCC_WARN_UNUSED_VARIABLE = YES;
				IPHONEOS_DEPLOYMENT_TARGET = 18.2;
				LOCALIZATION_PREFERS_STRING_CATALOGS = YES;
				MTL_ENABLE_DEBUG_INFO = INCLUDE_SOURCE;
				MTL_FAST_MATH = YES;
				ONLY_ACTIVE_ARCH = YES;
				SDKROOT = iphoneos;
				SWIFT_ACTIVE_COMPILATION_CONDITIONS = "DEBUG $(inherited)";
				SWIFT_OPTIMIZATION_LEVEL = "-Onone";
			};
			name = Debug;
		};
		9B91C7EB2D10CFA30029E789 /* Release */ = {
			isa = XCBuildConfiguration;
			buildSettings = {
				ALWAYS_SEARCH_USER_PATHS = NO;
				ASSETCATALOG_COMPILER_GENERATE_SWIFT_ASSET_SYMBOL_EXTENSIONS = YES;
				CLANG_ANALYZER_NONNULL = YES;
				CLANG_ANALYZER_NUMBER_OBJECT_CONVERSION = YES_AGGRESSIVE;
				CLANG_CXX_LANGUAGE_STANDARD = "gnu++20";
				CLANG_ENABLE_MODULES = YES;
				CLANG_ENABLE_OBJC_ARC = YES;
				CLANG_ENABLE_OBJC_WEAK = YES;
				CLANG_WARN_BLOCK_CAPTURE_AUTORELEASING = YES;
				CLANG_WARN_BOOL_CONVERSION = YES;
				CLANG_WARN_COMMA = YES;
				CLANG_WARN_CONSTANT_CONVERSION = YES;
				CLANG_WARN_DEPRECATED_OBJC_IMPLEMENTATIONS = YES;
				CLANG_WARN_DIRECT_OBJC_ISA_USAGE = YES_ERROR;
				CLANG_WARN_DOCUMENTATION_COMMENTS = YES;
				CLANG_WARN_EMPTY_BODY = YES;
				CLANG_WARN_ENUM_CONVERSION = YES;
				CLANG_WARN_INFINITE_RECURSION = YES;
				CLANG_WARN_INT_CONVERSION = YES;
				CLANG_WARN_NON_LITERAL_NULL_CONVERSION = YES;
				CLANG_WARN_OBJC_IMPLICIT_RETAIN_SELF = YES;
				CLANG_WARN_OBJC_LITERAL_CONVERSION = YES;
				CLANG_WARN_OBJC_ROOT_CLASS = YES_ERROR;
				CLANG_WARN_QUOTED_INCLUDE_IN_FRAMEWORK_HEADER = YES;
				CLANG_WARN_RANGE_LOOP_ANALYSIS = YES;
				CLANG_WARN_STRICT_PROTOTYPES = YES;
				CLANG_WARN_SUSPICIOUS_MOVE = YES;
				CLANG_WARN_UNGUARDED_AVAILABILITY = YES_AGGRESSIVE;
				CLANG_WARN_UNREACHABLE_CODE = YES;
				CLANG_WARN__DUPLICATE_METHOD_MATCH = YES;
				COPY_PHASE_STRIP = NO;
				DEBUG_INFORMATION_FORMAT = "dwarf-with-dsym";
				ENABLE_NS_ASSERTIONS = NO;
				ENABLE_STRICT_OBJC_MSGSEND = YES;
				ENABLE_USER_SCRIPT_SANDBOXING = YES;
				GCC_C_LANGUAGE_STANDARD = gnu17;
				GCC_NO_COMMON_BLOCKS = YES;
				GCC_WARN_64_TO_32_BIT_CONVERSION = YES;
				GCC_WARN_ABOUT_RETURN_TYPE = YES_ERROR;
				GCC_WARN_UNDECLARED_SELECTOR = YES;
				GCC_WARN_UNINITIALIZED_AUTOS = YES_AGGRESSIVE;
				GCC_WARN_UNUSED_FUNCTION = YES;
				GCC_WARN_UNUSED_VARIABLE = YES;
				IPHONEOS_DEPLOYMENT_TARGET = 18.2;
				LOCALIZATION_PREFERS_STRING_CATALOGS = YES;
				MTL_ENABLE_DEBUG_INFO = NO;
				MTL_FAST_MATH = YES;
				SDKROOT = iphoneos;
				SWIFT_COMPILATION_MODE = wholemodule;
				VALIDATE_PRODUCT = YES;
			};
			name = Release;
		};
/* End XCBuildConfiguration section */

/* Begin XCConfigurationList section */
		9B91C7CF2D10CFA10029E789 /* Build configuration list for PBXProject "openData Camara federal" */ = {
			isa = XCConfigurationList;
			buildConfigurations = (
				9B91C7EA2D10CFA30029E789 /* Debug */,
				9B91C7EB2D10CFA30029E789 /* Release */,
			);
			defaultConfigurationIsVisible = 0;
			defaultConfigurationName = Release;
		};
		9B91C7E72D10CFA30029E789 /* Build configuration list for PBXNativeTarget "openData Camara federal" */ = {
			isa = XCConfigurationList;
			buildConfigurations = (
				9B91C7E82D10CFA30029E789 /* Debug */,
				9B91C7E92D10CFA30029E789 /* Release */,
			);
			defaultConfigurationIsVisible = 0;
			defaultConfigurationName = Release;
		};
/* End XCConfigurationList section */
	};
	rootObject = 9B91C7CC2D10CFA10029E789 /* Project object */;
}
